<?xml version="1.0" encoding="UTF-8" standalone="yes" ?>
<CodeBlocks_project_file>
	<FileVersion major="1" minor="6" />
	<Project>
		<Option title="Physics Sandbox" />
		<Option pch_mode="2" />
		<Option compiler="gcc" />
		<Build>
			<Target title="default">
				<Option output="Physics Sandbox" prefix_auto="1" extension_auto="1" />
				<Option type="0" />
				<Option compiler="gcc" />
			</Target>
		</Build>
		<Linker>
			<Add option="-lmingw32 -lSDLmain -lSDL -lSDL_image -lopengl32 -lglu32 -lfreetype" />
		</Linker>
		<Unit filename="Font.cpp" />
		<Unit filename="Font.h" />
		<Unit filename="Force.cpp" />
		<Unit filename="Force.h" />
		<Unit filename="Object.cpp" />
		<Unit filename="Object.h" />
		<Unit filename="ObjectManager.cpp" />
		<Unit filename="ObjectManager.h" />
		<Unit filename="Timer.cpp" />
		<Unit filename="Timer.h" />
		<Unit filename="Vertex.cpp" />
		<Unit filename="Vertex.h" />
		<Unit filename="main.cpp" />
		<Extensions>
			<code_completion />
			<debugger />
		</Extensions>
	</Project>
</CodeBlocks_project_file>
